
Microsoft Visual Studio Solution File, Format Version 12.00
# Visual Studio Version 17
VisualStudioVersion = 17.3.32825.248
MinimumVisualStudioVersion = 10.0.40219.1
Project("{FAE04EC0-301F-11D3-BF4B-00C04F79EFBC}") = "Autarization", "Autarization\Autarization.csproj", "{B2467494-6AF3-4B4F-87E2-F80A42C6927B}"
EndProject
Global
	GlobalSection(SolutionConfigurationPlatforms) = preSolution
		Debug|Any CPU = Debug|Any CPU
		Release|Any CPU = Release|Any CPU
	EndGlobalSection
	GlobalSection(ProjectConfigurationPlatforms) = postSolution
		{B2467494-6AF3-4B4F-87E2-F80A42C6927B}.Debug|Any CPU.ActiveCfg = Debug|Any CPU
		{B2467494-6AF3-4B4F-87E2-F80A42C6927B}.Debug|Any CPU.Build.0 = Debug|Any CPU
		{B2467494-6AF3-4B4F-87E2-F80A42C6927B}.Release|Any CPU.ActiveCfg = Release|Any CPU
		{B2467494-6AF3-4B4F-87E2-F80A42C6927B}.Release|Any CPU.Build.0 = Release|Any CPU
	EndGlobalSection
	GlobalSection(SolutionProperties) = preSolution
		HideSolutionNode = FALSE
	EndGlobalSection
	GlobalSection(ExtensibilityGlobals) = postSolution
		SolutionGuid = {07BB3057-BCD0-4BDE-8756-946A1A9A3220}
	EndGlobalSection
EndGlobal
